{
  "projects": [
    {
      "projectId": "seaQhLVS4bbjiGvJJrRwyL",
      "version": "15.0.3",
      "dependencies": {},
      "lang": "js",
      "fileLocks": [
        {
          "assetId": "seaQhLVS4bbjiGvJJrRwyL",
          "type": "projectCss",
          "checksum": "715601a88c6d98a3e6f0c99e58581387"
        }
      ],
      "codegenVersion": "0.0.1"
    },
    {
      "projectId": "mXv5TZ5SUPGRneH9RoMn6q",
      "version": "latest",
      "dependencies": {
        "seaQhLVS4bbjiGvJJrRwyL": "15.0.3"
      },
      "lang": "js",
      "fileLocks": [
        {
          "type": "globalVariant",
          "assetId": "thj0p9NXEH81i",
          "checksum": "e8fafcbb6e6d4bbe05630626763d6f3c"
        },
        {
          "type": "renderModule",
          "assetId": "4XPgsAhljqdds",
          "checksum": "299d37a620a4131bf300bd75576516b9"
        },
        {
          "type": "cssRules",
          "assetId": "4XPgsAhljqdds",
          "checksum": "299d37a620a4131bf300bd75576516b9"
        },
        {
          "type": "renderModule",
          "assetId": "rgvwcoUrD14Pp",
          "checksum": "f175e9beffc617b424c24cf078795041"
        },
        {
          "type": "cssRules",
          "assetId": "rgvwcoUrD14Pp",
          "checksum": "f175e9beffc617b424c24cf078795041"
        },
        {
          "type": "renderModule",
          "assetId": "SxuS7aSzfTV9l",
          "checksum": "21d223be8ddc4afc527f4f3751fe4596"
        },
        {
          "type": "cssRules",
          "assetId": "SxuS7aSzfTV9l",
          "checksum": "21d223be8ddc4afc527f4f3751fe4596"
        },
        {
          "type": "renderModule",
          "assetId": "zc_-JZqmkLhAk",
          "checksum": "1d8c60f9c4ba07ab6a63e6ba310ef168"
        },
        {
          "type": "cssRules",
          "assetId": "zc_-JZqmkLhAk",
          "checksum": "1d8c60f9c4ba07ab6a63e6ba310ef168"
        },
        {
          "type": "renderModule",
          "assetId": "tr5phcLQqCoEx",
          "checksum": "427cf4bdc9bc61de262915003c0d4d95"
        },
        {
          "type": "cssRules",
          "assetId": "tr5phcLQqCoEx",
          "checksum": "427cf4bdc9bc61de262915003c0d4d95"
        },
        {
          "type": "renderModule",
          "assetId": "sBgr46KDuJYZz",
          "checksum": "8a11fa14759c5dd672b604bfc699dc2f"
        },
        {
          "type": "cssRules",
          "assetId": "sBgr46KDuJYZz",
          "checksum": "8a11fa14759c5dd672b604bfc699dc2f"
        },
        {
          "type": "renderModule",
          "assetId": "fd0a48CHFpLDW",
          "checksum": "555b520130be30b689b12808afa82c8a"
        },
        {
          "type": "cssRules",
          "assetId": "fd0a48CHFpLDW",
          "checksum": "555b520130be30b689b12808afa82c8a"
        },
        {
          "type": "renderModule",
          "assetId": "kZJnDl5cN7jJ7",
          "checksum": "dbb87999e608f351224cc94d490b9b70"
        },
        {
          "type": "cssRules",
          "assetId": "kZJnDl5cN7jJ7",
          "checksum": "dbb87999e608f351224cc94d490b9b70"
        },
        {
          "type": "renderModule",
          "assetId": "JyIyDBiGW-",
          "checksum": "a3549365219cbada281ecb53788e8b22"
        },
        {
          "type": "cssRules",
          "assetId": "JyIyDBiGW-",
          "checksum": "a3549365219cbada281ecb53788e8b22"
        },
        {
          "type": "renderModule",
          "assetId": "fUpKi24Qhx",
          "checksum": "76616ce1b568a53b28a7314f5b9e5697"
        },
        {
          "type": "cssRules",
          "assetId": "fUpKi24Qhx",
          "checksum": "76616ce1b568a53b28a7314f5b9e5697"
        },
        {
          "type": "renderModule",
          "assetId": "pi3PBoRiWhk",
          "checksum": "dac2221612b59360ff6fce13f375204c"
        },
        {
          "type": "cssRules",
          "assetId": "pi3PBoRiWhk",
          "checksum": "dac2221612b59360ff6fce13f375204c"
        },
        {
          "type": "renderModule",
          "assetId": "50HKxnb8xJ",
          "checksum": "88d554bc60c2993bc2270b2ab872c264"
        },
        {
          "type": "cssRules",
          "assetId": "50HKxnb8xJ",
          "checksum": "88d554bc60c2993bc2270b2ab872c264"
        },
        {
          "type": "image",
          "assetId": "a3KoIAEH2ZyLDv",
          "checksum": "9c819b6e50e6c73824344269aa35bed9"
        },
        {
          "type": "image",
          "assetId": "voAuIrDLSRAFxH",
          "checksum": "a229f10517a5099e9fe2fd2a4dddf42b"
        },
        {
          "type": "image",
          "assetId": "VlWtLByu0KoGLV",
          "checksum": "33c46d417f9c78d62e2027406335f4ff"
        },
        {
          "type": "image",
          "assetId": "bz6d13671VSOOD",
          "checksum": "ac8e8f5b8b70a6291b810cac3ee7d968"
        },
        {
          "type": "image",
          "assetId": "DuW4sbFEUi5ROs",
          "checksum": "e7de1b545637313e647949d890404244"
        },
        {
          "type": "image",
          "assetId": "tMev4inJI_w-B4",
          "checksum": "64edcadabcddc55d330b92066a82445e"
        },
        {
          "type": "image",
          "assetId": "8mkAqT0m0lnzNv",
          "checksum": "40e82d8caf7b9a7784bd1dffdbbbc199"
        },
        {
          "type": "image",
          "assetId": "8pOK-LjbJg0FqV",
          "checksum": "537a2649e10e732b615f01434294cb00"
        },
        {
          "type": "image",
          "assetId": "aAB7MNtfk",
          "checksum": "f5005a7f4f9a182f865fbcce4dd818c6"
        },
        {
          "type": "image",
          "assetId": "XPy07LAHW",
          "checksum": "0910ad95c060e8f6228a7fb775c40096"
        },
        {
          "type": "image",
          "assetId": "PawbyWEKh",
          "checksum": "18951f0ab01b660193f89f6b7a292ca5"
        },
        {
          "type": "renderModule",
          "assetId": "dm73fzeGC7",
          "checksum": "5c5e31f8c1465e1bf3c37e960bed3d57"
        },
        {
          "type": "cssRules",
          "assetId": "dm73fzeGC7",
          "checksum": "5c5e31f8c1465e1bf3c37e960bed3d57"
        },
        {
          "type": "renderModule",
          "assetId": "6fH9bcqROh",
          "checksum": "64b81592637e526a6166e255a7898830"
        },
        {
          "type": "cssRules",
          "assetId": "6fH9bcqROh",
          "checksum": "64b81592637e526a6166e255a7898830"
        },
        {
          "type": "icon",
          "assetId": "XYsIQokGkGcBz",
          "checksum": "362108396e21735e5b0e0bfe843e1ac8"
        },
        {
          "type": "icon",
          "assetId": "jxNUPxdPJcbB1",
          "checksum": "027e41b9de8289255f9a6b10d73e88c5"
        },
        {
          "type": "icon",
          "assetId": "mHiiVlCicgnAZ",
          "checksum": "7e153099bc29f1ec7daa443915a1bb90"
        },
        {
          "type": "icon",
          "assetId": "ns27_eln7Rup0",
          "checksum": "af929e52aa47165cebcdf276ca7e7421"
        },
        {
          "type": "icon",
          "assetId": "sbhDNyRJzKB1n",
          "checksum": "6fdb7923a0ec543b0340b21bff87f6dd"
        },
        {
          "type": "icon",
          "assetId": "A2D8tUjLJz20q",
          "checksum": "70d287e21dad8d65f2e8bca77aa8d84b"
        },
        {
          "type": "icon",
          "assetId": "1JQUyUboCTe1D",
          "checksum": "7d48e936f433c94cf9e023e4fee92fee"
        },
        {
          "type": "icon",
          "assetId": "Dr5smWRRvIy5q",
          "checksum": "34a895d3ee1079d28a4d1fcabcd17b94"
        },
        {
          "type": "icon",
          "assetId": "-dUKN-pHZODSV",
          "checksum": "17cade38ef38ee9e5d5b2cc168c269c0"
        },
        {
          "type": "icon",
          "assetId": "QceODCOSvPXdn",
          "checksum": "5f413ad004dc09d0c509372cfa3a0491"
        },
        {
          "type": "icon",
          "assetId": "jQRp9sdXBFT2y",
          "checksum": "c03e257537776cd4179dee6c23f45e8c"
        },
        {
          "type": "icon",
          "assetId": "RuSX7LPyll6_TS",
          "checksum": "ce644785705d96ca4ee45be8d52d1816"
        },
        {
          "type": "icon",
          "assetId": "nqfHwTpPv2XFpy",
          "checksum": "d26da66359995165bb54bea46ff28d04"
        },
        {
          "type": "icon",
          "assetId": "7eRarYWOIlq6_o",
          "checksum": "9b6da2c0b4e32d9ffaca58483e88efa3"
        },
        {
          "type": "icon",
          "assetId": "dLxlPA7Q9UK0YC",
          "checksum": "aef0c61b96247d2cb2b95d734ab6a3b4"
        },
        {
          "type": "icon",
          "assetId": "a-_sh3tQ4L-TQs",
          "checksum": "4612ad120fb93656cdd0f0e8a1ce4cb0"
        },
        {
          "type": "icon",
          "assetId": "92z8pTtJbY6wiO",
          "checksum": "bbcc02298ef8227cc04d1ba70b4d8737"
        },
        {
          "type": "renderModule",
          "assetId": "1ReshBZ5EGa",
          "checksum": "97149c50658fff32aa73e3b53aa610f1"
        },
        {
          "type": "cssRules",
          "assetId": "1ReshBZ5EGa",
          "checksum": "97149c50658fff32aa73e3b53aa610f1"
        },
        {
          "type": "renderModule",
          "assetId": "3egWRKWeo74",
          "checksum": "6264dc22dd2921e5af72e96a4989192f"
        },
        {
          "type": "cssRules",
          "assetId": "3egWRKWeo74",
          "checksum": "6264dc22dd2921e5af72e96a4989192f"
        },
        {
          "type": "renderModule",
          "assetId": "oCDAnWtrIp",
          "checksum": "11428a657de5d9964fb1db7397460790"
        },
        {
          "type": "cssRules",
          "assetId": "oCDAnWtrIp",
          "checksum": "11428a657de5d9964fb1db7397460790"
        },
        {
          "type": "icon",
          "assetId": "njqCx3VuHS8",
          "checksum": "824507f5688b9542fcd19197be46c4e9"
        },
        {
          "type": "icon",
          "assetId": "6y5MVH3d4jX",
          "checksum": "a3efdacf10369a5b64a9b3a1e9978345"
        },
        {
          "assetId": "mXv5TZ5SUPGRneH9RoMn6q",
          "type": "projectCss",
          "checksum": "9298b8ecbd79a709b7887cdeb09d311f"
        }
      ],
      "codegenVersion": "0.0.1"
    }
  ],
  "cliVersion": "0.1.152"
}
