{
  "projects": [
    {
      "projectId": "seaQhLVS4bbjiGvJJrRwyL",
      "version": "15.0.3",
      "dependencies": {},
      "lang": "js",
      "fileLocks": [
        {
          "assetId": "seaQhLVS4bbjiGvJJrRwyL",
          "type": "projectCss",
          "checksum": "9a7f58833a6bc172f93bad4d1439e512"
        }
      ]
    },
    {
      "projectId": "mXv5TZ5SUPGRneH9RoMn6q",
      "version": "latest",
      "dependencies": {
        "seaQhLVS4bbjiGvJJrRwyL": "15.0.3"
      },
      "lang": "js",
      "fileLocks": [
        {
          "type": "globalVariant",
          "assetId": "thj0p9NXEH81i",
          "checksum": "e8fafcbb6e6d4bbe05630626763d6f3c"
        },
        {
          "type": "renderModule",
          "assetId": "4XPgsAhljqdds",
          "checksum": "b9455e7990474b00b8467ff9ad041052"
        },
        {
          "type": "cssRules",
          "assetId": "4XPgsAhljqdds",
          "checksum": "b9455e7990474b00b8467ff9ad041052"
        },
        {
          "type": "renderModule",
          "assetId": "rgvwcoUrD14Pp",
          "checksum": "4b7dfff19b0206315f5e4602a96a684e"
        },
        {
          "type": "cssRules",
          "assetId": "rgvwcoUrD14Pp",
          "checksum": "4b7dfff19b0206315f5e4602a96a684e"
        },
        {
          "type": "renderModule",
          "assetId": "SxuS7aSzfTV9l",
          "checksum": "d3f4a0e234db9bdb61a0ac28828a3ca9"
        },
        {
          "type": "cssRules",
          "assetId": "SxuS7aSzfTV9l",
          "checksum": "d3f4a0e234db9bdb61a0ac28828a3ca9"
        },
        {
          "type": "renderModule",
          "assetId": "zc_-JZqmkLhAk",
          "checksum": "766fc382836f81abf611f7a6a73ae472"
        },
        {
          "type": "cssRules",
          "assetId": "zc_-JZqmkLhAk",
          "checksum": "766fc382836f81abf611f7a6a73ae472"
        },
        {
          "type": "renderModule",
          "assetId": "tr5phcLQqCoEx",
          "checksum": "e139b4db3621a58e64180f30a04c0b9e"
        },
        {
          "type": "cssRules",
          "assetId": "tr5phcLQqCoEx",
          "checksum": "e139b4db3621a58e64180f30a04c0b9e"
        },
        {
          "type": "renderModule",
          "assetId": "sBgr46KDuJYZz",
          "checksum": "dfdd916bb5c5d63558fae1bdda7cff33"
        },
        {
          "type": "cssRules",
          "assetId": "sBgr46KDuJYZz",
          "checksum": "dfdd916bb5c5d63558fae1bdda7cff33"
        },
        {
          "type": "renderModule",
          "assetId": "fd0a48CHFpLDW",
          "checksum": "e04b94fff1282a12ef21af23a94f0f41"
        },
        {
          "type": "cssRules",
          "assetId": "fd0a48CHFpLDW",
          "checksum": "e04b94fff1282a12ef21af23a94f0f41"
        },
        {
          "type": "renderModule",
          "assetId": "kZJnDl5cN7jJ7",
          "checksum": "42df910ea250ec436ef632be96a22eaf"
        },
        {
          "type": "cssRules",
          "assetId": "kZJnDl5cN7jJ7",
          "checksum": "42df910ea250ec436ef632be96a22eaf"
        },
        {
          "type": "renderModule",
          "assetId": "JyIyDBiGW-",
          "checksum": "ce8aa9a6a28abd8f8e6616054aaddfb0"
        },
        {
          "type": "cssRules",
          "assetId": "JyIyDBiGW-",
          "checksum": "ce8aa9a6a28abd8f8e6616054aaddfb0"
        },
        {
          "type": "renderModule",
          "assetId": "fUpKi24Qhx",
          "checksum": "b888f8fceeb24284cd9b11b441881051"
        },
        {
          "type": "cssRules",
          "assetId": "fUpKi24Qhx",
          "checksum": "b888f8fceeb24284cd9b11b441881051"
        },
        {
          "type": "renderModule",
          "assetId": "pi3PBoRiWhk",
          "checksum": "8efbbb9acdfc61986dd7c7e5641d1cfc"
        },
        {
          "type": "cssRules",
          "assetId": "pi3PBoRiWhk",
          "checksum": "8efbbb9acdfc61986dd7c7e5641d1cfc"
        },
        {
          "type": "renderModule",
          "assetId": "50HKxnb8xJ",
          "checksum": "28f2ed1ba3e838c83eed426f4639ecab"
        },
        {
          "type": "cssRules",
          "assetId": "50HKxnb8xJ",
          "checksum": "28f2ed1ba3e838c83eed426f4639ecab"
        },
        {
          "type": "image",
          "assetId": "a3KoIAEH2ZyLDv",
          "checksum": "4272c3b36639de5f7264f71aa24a5d4d"
        },
        {
          "type": "image",
          "assetId": "voAuIrDLSRAFxH",
          "checksum": "6072c58aee45e10ba229be443f8f83c0"
        },
        {
          "type": "image",
          "assetId": "VlWtLByu0KoGLV",
          "checksum": "572db78073cb224b08ad67dbf84b468a"
        },
        {
          "type": "image",
          "assetId": "bz6d13671VSOOD",
          "checksum": "f24b70a2b2f34065d6e9c3be19133cdf"
        },
        {
          "type": "image",
          "assetId": "DuW4sbFEUi5ROs",
          "checksum": "ea692612fab85c078f0a176714c348d4"
        },
        {
          "type": "image",
          "assetId": "tMev4inJI_w-B4",
          "checksum": "df0d4acd6d0a5022615a433ee1eb2810"
        },
        {
          "type": "image",
          "assetId": "8mkAqT0m0lnzNv",
          "checksum": "8c5448ca19fb7777944c5c7c2e827371"
        },
        {
          "type": "image",
          "assetId": "8pOK-LjbJg0FqV",
          "checksum": "51c6ea0acd2d057f21aa6ba229690122"
        },
        {
          "type": "image",
          "assetId": "aAB7MNtfk",
          "checksum": "0d8c60064419b3cc8449603d5f504acb"
        },
        {
          "type": "image",
          "assetId": "XPy07LAHW",
          "checksum": "85b0e4dd272aabd3a7ce843d66241ba0"
        },
        {
          "type": "image",
          "assetId": "PawbyWEKh",
          "checksum": "a361e0fefb801651b761f76e67fbc5a8"
        },
        {
          "type": "renderModule",
          "assetId": "dm73fzeGC7",
          "checksum": "c5a09e2c1b8d0301ba596c4db45941ba"
        },
        {
          "type": "cssRules",
          "assetId": "dm73fzeGC7",
          "checksum": "c5a09e2c1b8d0301ba596c4db45941ba"
        },
        {
          "type": "renderModule",
          "assetId": "6fH9bcqROh",
          "checksum": "d1afddf0ee0d9f79da200579688c92d7"
        },
        {
          "type": "cssRules",
          "assetId": "6fH9bcqROh",
          "checksum": "d1afddf0ee0d9f79da200579688c92d7"
        },
        {
          "assetId": "mXv5TZ5SUPGRneH9RoMn6q",
          "type": "projectCss",
          "checksum": "cd68609bad2d3dd62db15103d5106feb"
        },
        {
          "type": "icon",
          "assetId": "XYsIQokGkGcBz",
          "checksum": "362108396e21735e5b0e0bfe843e1ac8"
        },
        {
          "type": "icon",
          "assetId": "jxNUPxdPJcbB1",
          "checksum": "027e41b9de8289255f9a6b10d73e88c5"
        },
        {
          "type": "icon",
          "assetId": "mHiiVlCicgnAZ",
          "checksum": "7e153099bc29f1ec7daa443915a1bb90"
        },
        {
          "type": "icon",
          "assetId": "ns27_eln7Rup0",
          "checksum": "af929e52aa47165cebcdf276ca7e7421"
        },
        {
          "type": "icon",
          "assetId": "sbhDNyRJzKB1n",
          "checksum": "6fdb7923a0ec543b0340b21bff87f6dd"
        },
        {
          "type": "icon",
          "assetId": "A2D8tUjLJz20q",
          "checksum": "70d287e21dad8d65f2e8bca77aa8d84b"
        },
        {
          "type": "icon",
          "assetId": "1JQUyUboCTe1D",
          "checksum": "7d48e936f433c94cf9e023e4fee92fee"
        },
        {
          "type": "icon",
          "assetId": "Dr5smWRRvIy5q",
          "checksum": "34a895d3ee1079d28a4d1fcabcd17b94"
        },
        {
          "type": "icon",
          "assetId": "-dUKN-pHZODSV",
          "checksum": "17cade38ef38ee9e5d5b2cc168c269c0"
        },
        {
          "type": "icon",
          "assetId": "QceODCOSvPXdn",
          "checksum": "5f413ad004dc09d0c509372cfa3a0491"
        },
        {
          "type": "icon",
          "assetId": "jQRp9sdXBFT2y",
          "checksum": "c03e257537776cd4179dee6c23f45e8c"
        },
        {
          "type": "icon",
          "assetId": "RuSX7LPyll6_TS",
          "checksum": "ce644785705d96ca4ee45be8d52d1816"
        },
        {
          "type": "icon",
          "assetId": "nqfHwTpPv2XFpy",
          "checksum": "d26da66359995165bb54bea46ff28d04"
        },
        {
          "type": "icon",
          "assetId": "7eRarYWOIlq6_o",
          "checksum": "9b6da2c0b4e32d9ffaca58483e88efa3"
        },
        {
          "type": "icon",
          "assetId": "dLxlPA7Q9UK0YC",
          "checksum": "aef0c61b96247d2cb2b95d734ab6a3b4"
        },
        {
          "type": "icon",
          "assetId": "a-_sh3tQ4L-TQs",
          "checksum": "4612ad120fb93656cdd0f0e8a1ce4cb0"
        },
        {
          "type": "icon",
          "assetId": "92z8pTtJbY6wiO",
          "checksum": "bbcc02298ef8227cc04d1ba70b4d8737"
        }
      ]
    }
  ],
  "cliVersion": "0.1.152"
}
